
Microsoft Visual Studio Solution File, Format Version 12.00
Project("{FAE04EC0-301F-11D3-BF4B-00C04F79EFBC}") = "MonoGameUtils", "MonoGameUtils.csproj", "{76F82A91-BB74-4EF4-AEAA-02CCE0F01ECA}"
EndProject
Global
	GlobalSection(SolutionConfigurationPlatforms) = preSolution
		Debug|Any CPU = Debug|Any CPU
		Release|Any CPU = Release|Any CPU
	EndGlobalSection
	GlobalSection(ProjectConfigurationPlatforms) = postSolution
		{76F82A91-BB74-4EF4-AEAA-02CCE0F01ECA}.Debug|Any CPU.ActiveCfg = Debug|Any CPU
		{76F82A91-BB74-4EF4-AEAA-02CCE0F01ECA}.Debug|Any CPU.Build.0 = Debug|Any CPU
		{76F82A91-BB74-4EF4-AEAA-02CCE0F01ECA}.Release|Any CPU.ActiveCfg = Release|Any CPU
		{76F82A91-BB74-4EF4-AEAA-02CCE0F01ECA}.Release|Any CPU.Build.0 = Release|Any CPU
	EndGlobalSection
EndGlobal
